
Microsoft Visual Studio Solution File, Format Version 12.00
# Visual Studio Version 16
VisualStudioVersion = 16.0.30309.148
MinimumVisualStudioVersion = 10.0.40219.1
Project("{FAE04EC0-301F-11D3-BF4B-00C04F79EFBC}") = "PdfEncryptor", "PdfEncryptor\PdfEncryptor.csproj", "{1F36394A-0A98-4C4B-8283-030D0AAFA1DE}"
EndProject
Global
	GlobalSection(SolutionConfigurationPlatforms) = preSolution
		Debug|Any CPU = Debug|Any CPU
		Release|Any CPU = Release|Any CPU
	EndGlobalSection
	GlobalSection(ProjectConfigurationPlatforms) = postSolution
		{1F36394A-0A98-4C4B-8283-030D0AAFA1DE}.Debug|Any CPU.ActiveCfg = Debug|Any CPU
		{1F36394A-0A98-4C4B-8283-030D0AAFA1DE}.Debug|Any CPU.Build.0 = Debug|Any CPU
		{1F36394A-0A98-4C4B-8283-030D0AAFA1DE}.Release|Any CPU.ActiveCfg = Release|Any CPU
		{1F36394A-0A98-4C4B-8283-030D0AAFA1DE}.Release|Any CPU.Build.0 = Release|Any CPU
	EndGlobalSection
	GlobalSection(SolutionProperties) = preSolution
		HideSolutionNode = FALSE
	EndGlobalSection
	GlobalSection(ExtensibilityGlobals) = postSolution
		SolutionGuid = {DD16D5AA-343F-4F0F-9E3A-FAD5EB43516F}
	EndGlobalSection
EndGlobal
